
Microsoft Visual Studio Solution File, Format Version 12.00
# Visual Studio Version 16
VisualStudioVersion = 16.0.31205.134
MinimumVisualStudioVersion = 10.0.40219.1
Project("{FAE04EC0-301F-11D3-BF4B-00C04F79EFBC}") = "AppDev1.Android", "AppDev1\AppDev1.Android\AppDev1.Android.csproj", "{064AF258-B561-4BCE-A7FA-07FD6BCCC88F}"
EndProject
Project("{FAE04EC0-301F-11D3-BF4B-00C04F79EFBC}") = "AppDev1.iOS", "AppDev1\AppDev1.iOS\AppDev1.iOS.csproj", "{8E575DDD-EAB3-4AE3-8D68-25E61D39EBEC}"
EndProject
Project("{FAE04EC0-301F-11D3-BF4B-00C04F79EFBC}") = "AppDev1", "AppDev1\AppDev1\AppDev1.csproj", "{DC9AAB8E-06CA-4ADE-9FA8-FC64D3BFA0C6}"
EndProject
Global
	GlobalSection(SolutionConfigurationPlatforms) = preSolution
		Debug|Any CPU = Debug|Any CPU
		Debug|iPhone = Debug|iPhone
		Debug|iPhoneSimulator = Debug|iPhoneSimulator
		Release|Any CPU = Release|Any CPU
		Release|iPhone = Release|iPhone
		Release|iPhoneSimulator = Release|iPhoneSimulator
	EndGlobalSection
	GlobalSection(ProjectConfigurationPlatforms) = postSolution
		{064AF258-B561-4BCE-A7FA-07FD6BCCC88F}.Debug|Any CPU.ActiveCfg = Debug|Any CPU
		{064AF258-B561-4BCE-A7FA-07FD6BCCC88F}.Debug|Any CPU.Build.0 = Debug|Any CPU
		{064AF258-B561-4BCE-A7FA-07FD6BCCC88F}.Debug|Any CPU.Deploy.0 = Debug|Any CPU
		{064AF258-B561-4BCE-A7FA-07FD6BCCC88F}.Debug|iPhone.ActiveCfg = Debug|Any CPU
		{064AF258-B561-4BCE-A7FA-07FD6BCCC88F}.Debug|iPhone.Build.0 = Debug|Any CPU
		{064AF258-B561-4BCE-A7FA-07FD6BCCC88F}.Debug|iPhone.Deploy.0 = Debug|Any CPU
		{064AF258-B561-4BCE-A7FA-07FD6BCCC88F}.Debug|iPhoneSimulator.ActiveCfg = Debug|Any CPU
		{064AF258-B561-4BCE-A7FA-07FD6BCCC88F}.Debug|iPhoneSimulator.Build.0 = Debug|Any CPU
		{064AF258-B561-4BCE-A7FA-07FD6BCCC88F}.Debug|iPhoneSimulator.Deploy.0 = Debug|Any CPU
		{064AF258-B561-4BCE-A7FA-07FD6BCCC88F}.Release|Any CPU.ActiveCfg = Release|Any CPU
		{064AF258-B561-4BCE-A7FA-07FD6BCCC88F}.Release|Any CPU.Build.0 = Release|Any CPU
		{064AF258-B561-4BCE-A7FA-07FD6BCCC88F}.Release|Any CPU.Deploy.0 = Release|Any CPU
		{064AF258-B561-4BCE-A7FA-07FD6BCCC88F}.Release|iPhone.ActiveCfg = Release|Any CPU
		{064AF258-B561-4BCE-A7FA-07FD6BCCC88F}.Release|iPhone.Build.0 = Release|Any CPU
		{064AF258-B561-4BCE-A7FA-07FD6BCCC88F}.Release|iPhone.Deploy.0 = Release|Any CPU
		{064AF258-B561-4BCE-A7FA-07FD6BCCC88F}.Release|iPhoneSimulator.ActiveCfg = Release|Any CPU
		{064AF258-B561-4BCE-A7FA-07FD6BCCC88F}.Release|iPhoneSimulator.Build.0 = Release|Any CPU
		{064AF258-B561-4BCE-A7FA-07FD6BCCC88F}.Release|iPhoneSimulator.Deploy.0 = Release|Any CPU
		{8E575DDD-EAB3-4AE3-8D68-25E61D39EBEC}.Debug|Any CPU.ActiveCfg = Debug|iPhone
		{8E575DDD-EAB3-4AE3-8D68-25E61D39EBEC}.Debug|Any CPU.Build.0 = Debug|iPhone
		{8E575DDD-EAB3-4AE3-8D68-25E61D39EBEC}.Debug|Any CPU.Deploy.0 = Debug|iPhone
		{8E575DDD-EAB3-4AE3-8D68-25E61D39EBEC}.Debug|iPhone.ActiveCfg = Debug|iPhone
		{8E575DDD-EAB3-4AE3-8D68-25E61D39EBEC}.Debug|iPhone.Build.0 = Debug|iPhone
		{8E575DDD-EAB3-4AE3-8D68-25E61D39EBEC}.Debug|iPhone.Deploy.0 = Debug|iPhone
		{8E575DDD-EAB3-4AE3-8D68-25E61D39EBEC}.Debug|iPhoneSimulator.ActiveCfg = Debug|iPhoneSimulator
		{8E575DDD-EAB3-4AE3-8D68-25E61D39EBEC}.Debug|iPhoneSimulator.Build.0 = Debug|iPhoneSimulator
		{8E575DDD-EAB3-4AE3-8D68-25E61D39EBEC}.Debug|iPhoneSimulator.Deploy.0 = Debug|iPhoneSimulator
		{8E575DDD-EAB3-4AE3-8D68-25E61D39EBEC}.Release|Any CPU.ActiveCfg = Release|iPhoneSimulator
		{8E575DDD-EAB3-4AE3-8D68-25E61D39EBEC}.Release|Any CPU.Build.0 = Release|iPhoneSimulator
		{8E575DDD-EAB3-4AE3-8D68-25E61D39EBEC}.Release|Any CPU.Deploy.0 = Release|iPhoneSimulator
		{8E575DDD-EAB3-4AE3-8D68-25E61D39EBEC}.Release|iPhone.ActiveCfg = Release|iPhone
		{8E575DDD-EAB3-4AE3-8D68-25E61D39EBEC}.Release|iPhone.Build.0 = Release|iPhone
		{8E575DDD-EAB3-4AE3-8D68-25E61D39EBEC}.Release|iPhone.Deploy.0 = Release|iPhone
		{8E575DDD-EAB3-4AE3-8D68-25E61D39EBEC}.Release|iPhoneSimulator.ActiveCfg = Release|iPhoneSimulator
		{8E575DDD-EAB3-4AE3-8D68-25E61D39EBEC}.Release|iPhoneSimulator.Build.0 = Release|iPhoneSimulator
		{8E575DDD-EAB3-4AE3-8D68-25E61D39EBEC}.Release|iPhoneSimulator.Deploy.0 = Release|iPhoneSimulator
		{DC9AAB8E-06CA-4ADE-9FA8-FC64D3BFA0C6}.Debug|Any CPU.ActiveCfg = Debug|Any CPU
		{DC9AAB8E-06CA-4ADE-9FA8-FC64D3BFA0C6}.Debug|Any CPU.Build.0 = Debug|Any CPU
		{DC9AAB8E-06CA-4ADE-9FA8-FC64D3BFA0C6}.Debug|Any CPU.Deploy.0 = Debug|Any CPU
		{DC9AAB8E-06CA-4ADE-9FA8-FC64D3BFA0C6}.Debug|iPhone.ActiveCfg = Debug|Any CPU
		{DC9AAB8E-06CA-4ADE-9FA8-FC64D3BFA0C6}.Debug|iPhone.Build.0 = Debug|Any CPU
		{DC9AAB8E-06CA-4ADE-9FA8-FC64D3BFA0C6}.Debug|iPhone.Deploy.0 = Debug|Any CPU
		{DC9AAB8E-06CA-4ADE-9FA8-FC64D3BFA0C6}.Debug|iPhoneSimulator.ActiveCfg = Debug|Any CPU
		{DC9AAB8E-06CA-4ADE-9FA8-FC64D3BFA0C6}.Debug|iPhoneSimulator.Build.0 = Debug|Any CPU
		{DC9AAB8E-06CA-4ADE-9FA8-FC64D3BFA0C6}.Debug|iPhoneSimulator.Deploy.0 = Debug|Any CPU
		{DC9AAB8E-06CA-4ADE-9FA8-FC64D3BFA0C6}.Release|Any CPU.ActiveCfg = Release|Any CPU
		{DC9AAB8E-06CA-4ADE-9FA8-FC64D3BFA0C6}.Release|Any CPU.Build.0 = Release|Any CPU
		{DC9AAB8E-06CA-4ADE-9FA8-FC64D3BFA0C6}.Release|Any CPU.Deploy.0 = Release|Any CPU
		{DC9AAB8E-06CA-4ADE-9FA8-FC64D3BFA0C6}.Release|iPhone.ActiveCfg = Release|Any CPU
		{DC9AAB8E-06CA-4ADE-9FA8-FC64D3BFA0C6}.Release|iPhone.Build.0 = Release|Any CPU
		{DC9AAB8E-06CA-4ADE-9FA8-FC64D3BFA0C6}.Release|iPhone.Deploy.0 = Release|Any CPU
		{DC9AAB8E-06CA-4ADE-9FA8-FC64D3BFA0C6}.Release|iPhoneSimulator.ActiveCfg = Release|Any CPU
		{DC9AAB8E-06CA-4ADE-9FA8-FC64D3BFA0C6}.Release|iPhoneSimulator.Build.0 = Release|Any CPU
		{DC9AAB8E-06CA-4ADE-9FA8-FC64D3BFA0C6}.Release|iPhoneSimulator.Deploy.0 = Release|Any CPU
	EndGlobalSection
	GlobalSection(SolutionProperties) = preSolution
		HideSolutionNode = FALSE
	EndGlobalSection
	GlobalSection(ExtensibilityGlobals) = postSolution
		SolutionGuid = {CAF3A7C5-4767-4D5E-AADC-EC744416601D}
	EndGlobalSection
EndGlobal
